
Microsoft Visual Studio Solution File, Format Version 12.00
# Visual Studio Version 17
VisualStudioVersion = 17.10.34916.146
MinimumVisualStudioVersion = 10.0.40219.1
Project("{8BC9CEB8-8B4A-11D0-8D11-00A0C91BC942}") = "OurScreen", "OurScreen\OurScreen.vcxproj", "{DE58CA95-1D83-4A3F-8D8A-99A9E510F485}"
EndProject
Global
	GlobalSection(SolutionConfigurationPlatforms) = preSolution
		Debug|x64 = Debug|x64
		Debug|x86 = Debug|x86
		Release|x64 = Release|x64
		Release|x86 = Release|x86
	EndGlobalSection
	GlobalSection(ProjectConfigurationPlatforms) = postSolution
		{DE58CA95-1D83-4A3F-8D8A-99A9E510F485}.Debug|x64.ActiveCfg = Debug|x64
		{DE58CA95-1D83-4A3F-8D8A-99A9E510F485}.Debug|x64.Build.0 = Debug|x64
		{DE58CA95-1D83-4A3F-8D8A-99A9E510F485}.Debug|x86.ActiveCfg = Debug|Win32
		{DE58CA95-1D83-4A3F-8D8A-99A9E510F485}.Debug|x86.Build.0 = Debug|Win32
		{DE58CA95-1D83-4A3F-8D8A-99A9E510F485}.Release|x64.ActiveCfg = Release|x64
		{DE58CA95-1D83-4A3F-8D8A-99A9E510F485}.Release|x64.Build.0 = Release|x64
		{DE58CA95-1D83-4A3F-8D8A-99A9E510F485}.Release|x86.ActiveCfg = Release|Win32
		{DE58CA95-1D83-4A3F-8D8A-99A9E510F485}.Release|x86.Build.0 = Release|Win32
	EndGlobalSection
	GlobalSection(SolutionProperties) = preSolution
		HideSolutionNode = FALSE
	EndGlobalSection
	GlobalSection(ExtensibilityGlobals) = postSolution
		SolutionGuid = {A0CB9DDF-FD9E-454A-AE4A-11BE6BD653FD}
	EndGlobalSection
EndGlobal
